<?xml version="1.0" encoding="utf-8"?>
<Project ToolsVersion="4.0" xmlns="http://schemas.microsoft.com/developer/msbuild/2003">
  <ItemGroup>
    <Filter Include="Source Files">
      <UniqueIdentifier>{4FC737F1-C7A5-4376-A066-2A32D752A2FF}</UniqueIdentifier>
      <Extensions>cpp;c;cc;cxx;def;odl;idl;hpj;bat;asm;asmx</Extensions>
    </Filter>
    <Filter Include="Header Files">
      <UniqueIdentifier>{93995380-89BD-4b04-88EB-625FBE52EBFB}</UniqueIdentifier>
      <Extensions>h;hpp;hxx;hm;inl;inc;xsd</Extensions>
    </Filter>
    <Filter Include="Resource Files">
      <UniqueIdentifier>{67DA6AB6-F800-4c08-8B7A-83BB121AAD01}</UniqueIdentifier>
      <Extensions>rc;ico;cur;bmp;dlg;rc2;rct;bin;rgs;gif;jpg;jpeg;jpe;resx;tiff;tif;png;wav;mfcribbon-ms</Extensions>
    </Filter>
    <Filter Include="Source Files\dec">
      <UniqueIdentifier>{62059583-284e-43ae-85d0-fa68d442e837}</UniqueIdentifier>
      <Extensions>
      </Extensions>
    </Filter>
    <Filter Include="Source Files\dsp">
      <UniqueIdentifier>{22cb46a7-a41c-4bda-833f-1d77574a4ad0}</UniqueIdentifier>
    </Filter>
    <Filter Include="Source Files\enc">
      <UniqueIdentifier>{591448a9-2c00-4e31-8249-2f0aeac2d820}</UniqueIdentifier>
    </Filter>
    <Filter Include="Source Files\webp">
      <UniqueIdentifier>{a3dfff2a-0e57-4a4b-b9c6-2ea24886443f}</UniqueIdentifier>
    </Filter>
    <Filter Include="Source Files\utils">
      <UniqueIdentifier>{a2e2fb9a-030c-4911-89d8-8b2a17218962}</UniqueIdentifier>
    </Filter>
  </ItemGroup>
  <ItemGroup>
    <ClCompile Include="dec\alpha.c">
      <Filter>Source Files\dec</Filter>
    </ClCompile>
    <ClCompile Include="dec\buffer.c">
      <Filter>Source Files\dec</Filter>
    </ClCompile>
    <ClCompile Include="dec\frame.c">
      <Filter>Source Files\dec</Filter>
    </ClCompile>
    <ClCompile Include="dec\idec.c">
      <Filter>Source Files\dec</Filter>
    </ClCompile>
    <ClCompile Include="dec\io.c">
      <Filter>Source Files\dec</Filter>
    </ClCompile>
    <ClCompile Include="dec\layer.c">
      <Filter>Source Files\dec</Filter>
    </ClCompile>
    <ClCompile Include="dec\quant.c">
      <Filter>Source Files\dec</Filter>
    </ClCompile>
    <ClCompile Include="dec\tree.c">
      <Filter>Source Files\dec</Filter>
    </ClCompile>
    <ClCompile Include="dec\vp8.c">
      <Filter>Source Files\dec</Filter>
    </ClCompile>
    <ClCompile Include="dec\vp8l.c">
      <Filter>Source Files\dec</Filter>
    </ClCompile>
    <ClCompile Include="dec\webp.c">
      <Filter>Source Files\dec</Filter>
    </ClCompile>
    <ClCompile Include="dsp\cpu.c">
      <Filter>Source Files\dsp</Filter>
    </ClCompile>
    <ClCompile Include="dsp\dec.c">
      <Filter>Source Files\dsp</Filter>
    </ClCompile>
    <ClCompile Include="dsp\dec_neon.c">
      <Filter>Source Files\dsp</Filter>
    </ClCompile>
    <ClCompile Include="dsp\dec_sse2.c">
      <Filter>Source Files\dsp</Filter>
    </ClCompile>
    <ClCompile Include="dsp\enc.c">
      <Filter>Source Files\dsp</Filter>
    </ClCompile>
    <ClCompile Include="dsp\enc_sse2.c">
      <Filter>Source Files\dsp</Filter>
    </ClCompile>
    <ClCompile Include="dsp\lossless.c">
      <Filter>Source Files\dsp</Filter>
    </ClCompile>
    <ClCompile Include="dsp\upsampling.c">
      <Filter>Source Files\dsp</Filter>
    </ClCompile>
    <ClCompile Include="dsp\upsampling_sse2.c">
      <Filter>Source Files\dsp</Filter>
    </ClCompile>
    <ClCompile Include="dsp\yuv.c">
      <Filter>Source Files\dsp</Filter>
    </ClCompile>
    <ClCompile Include="enc\alpha.c">
      <Filter>Source Files\enc</Filter>
    </ClCompile>
    <ClCompile Include="enc\analysis.c">
      <Filter>Source Files\enc</Filter>
    </ClCompile>
    <ClCompile Include="enc\backward_references.c">
      <Filter>Source Files\enc</Filter>
    </ClCompile>
    <ClCompile Include="enc\config.c">
      <Filter>Source Files\enc</Filter>
    </ClCompile>
    <ClCompile Include="enc\cost.c">
      <Filter>Source Files\enc</Filter>
    </ClCompile>
    <ClCompile Include="enc\filter.c">
      <Filter>Source Files\enc</Filter>
    </ClCompile>
    <ClCompile Include="enc\frame.c">
      <Filter>Source Files\enc</Filter>
    </ClCompile>
    <ClCompile Include="enc\histogram.c">
      <Filter>Source Files\enc</Filter>
    </ClCompile>
    <ClCompile Include="enc\iterator.c">
      <Filter>Source Files\enc</Filter>
    </ClCompile>
    <ClCompile Include="enc\layer.c">
      <Filter>Source Files\enc</Filter>
    </ClCompile>
    <ClCompile Include="enc\picture.c">
      <Filter>Source Files\enc</Filter>
    </ClCompile>
    <ClCompile Include="enc\quant.c">
      <Filter>Source Files\enc</Filter>
    </ClCompile>
    <ClCompile Include="enc\syntax.c">
      <Filter>Source Files\enc</Filter>
    </ClCompile>
    <ClCompile Include="enc\tree.c">
      <Filter>Source Files\enc</Filter>
    </ClCompile>
    <ClCompile Include="enc\vp8l.c">
      <Filter>Source Files\enc</Filter>
    </ClCompile>
    <ClCompile Include="enc\webpenc.c">
      <Filter>Source Files\enc</Filter>
    </ClCompile>
    <ClCompile Include="utils\bit_reader.c">
      <Filter>Source Files\utils</Filter>
    </ClCompile>
    <ClCompile Include="utils\bit_writer.c">
      <Filter>Source Files\utils</Filter>
    </ClCompile>
    <ClCompile Include="utils\color_cache.c">
      <Filter>Source Files\utils</Filter>
    </ClCompile>
    <ClCompile Include="utils\filters.c">
      <Filter>Source Files\utils</Filter>
    </ClCompile>
    <ClCompile Include="utils\huffman.c">
      <Filter>Source Files\utils</Filter>
    </ClCompile>
    <ClCompile Include="utils\huffman_encode.c">
      <Filter>Source Files\utils</Filter>
    </ClCompile>
    <ClCompile Include="utils\quant_levels.c">
      <Filter>Source Files\utils</Filter>
    </ClCompile>
    <ClCompile Include="utils\rescaler.c">
      <Filter>Source Files\utils</Filter>
    </ClCompile>
    <ClCompile Include="utils\thread.c">
      <Filter>Source Files\utils</Filter>
    </ClCompile>
  </ItemGroup>
  <ItemGroup>
    <ClInclude Include="dec\decode_vp8.h">
      <Filter>Source Files\dec</Filter>
    </ClInclude>
    <ClInclude Include="dec\vp8i.h">
      <Filter>Source Files\dec</Filter>
    </ClInclude>
    <ClInclude Include="dec\vp8li.h">
      <Filter>Source Files\dec</Filter>
    </ClInclude>
    <ClInclude Include="dec\webpi.h">
      <Filter>Source Files\dec</Filter>
    </ClInclude>
    <ClInclude Include="dsp\dsp.h">
      <Filter>Source Files\dsp</Filter>
    </ClInclude>
    <ClInclude Include="dsp\lossless.h">
      <Filter>Source Files\dsp</Filter>
    </ClInclude>
    <ClInclude Include="dsp\yuv.h">
      <Filter>Source Files\dsp</Filter>
    </ClInclude>
    <ClInclude Include="enc\backward_references.h">
      <Filter>Source Files\enc</Filter>
    </ClInclude>
    <ClInclude Include="enc\cost.h">
      <Filter>Source Files\enc</Filter>
    </ClInclude>
    <ClInclude Include="enc\histogram.h">
      <Filter>Source Files\enc</Filter>
    </ClInclude>
    <ClInclude Include="enc\vp8enci.h">
      <Filter>Source Files\enc</Filter>
    </ClInclude>
    <ClInclude Include="enc\vp8li.h">
      <Filter>Source Files\enc</Filter>
    </ClInclude>
    <ClInclude Include="utils\bit_reader.h">
      <Filter>Source Files\utils</Filter>
    </ClInclude>
    <ClInclude Include="utils\bit_writer.h">
      <Filter>Source Files\utils</Filter>
    </ClInclude>
    <ClInclude Include="utils\color_cache.h">
      <Filter>Source Files\utils</Filter>
    </ClInclude>
    <ClInclude Include="utils\filters.h">
      <Filter>Source Files\utils</Filter>
    </ClInclude>
    <ClInclude Include="utils\huffman.h">
      <Filter>Source Files\utils</Filter>
    </ClInclude>
    <ClInclude Include="utils\huffman_encode.h">
      <Filter>Source Files\utils</Filter>
    </ClInclude>
    <ClInclude Include="utils\quant_levels.h">
      <Filter>Source Files\utils</Filter>
    </ClInclude>
    <ClInclude Include="utils\rescaler.h">
      <Filter>Source Files\utils</Filter>
    </ClInclude>
    <ClInclude Include="utils\thread.h">
      <Filter>Source Files\utils</Filter>
    </ClInclude>
    <ClInclude Include="webp\decode.h">
      <Filter>Source Files\webp</Filter>
    </ClInclude>
    <ClInclude Include="webp\encode.h">
      <Filter>Source Files\webp</Filter>
    </ClInclude>
    <ClInclude Include="webp\format_constants.h">
      <Filter>Source Files\webp</Filter>
    </ClInclude>
    <ClInclude Include="webp\mux.h">
      <Filter>Source Files\webp</Filter>
    </ClInclude>
    <ClInclude Include="webp\types.h">
      <Filter>Source Files\webp</Filter>
    </ClInclude>
  </ItemGroup>
</Project>